
Microsoft Visual Studio Solution File, Format Version 12.00
# Visual Studio Version 16
VisualStudioVersion = 16.0.30503.244
MinimumVisualStudioVersion = 10.0.40219.1
Project("{FAE04EC0-301F-11D3-BF4B-00C04F79EFBC}") = "BubbleSortProject", "BubbleSortProject\BubbleSortProject.csproj", "{EF29C72C-C4E1-478C-A152-CE03AC55D71A}"
EndProject
Global
	GlobalSection(SolutionConfigurationPlatforms) = preSolution
		Debug|Any CPU = Debug|Any CPU
		Release|Any CPU = Release|Any CPU
	EndGlobalSection
	GlobalSection(ProjectConfigurationPlatforms) = postSolution
		{EF29C72C-C4E1-478C-A152-CE03AC55D71A}.Debug|Any CPU.ActiveCfg = Debug|Any CPU
		{EF29C72C-C4E1-478C-A152-CE03AC55D71A}.Debug|Any CPU.Build.0 = Debug|Any CPU
		{EF29C72C-C4E1-478C-A152-CE03AC55D71A}.Release|Any CPU.ActiveCfg = Release|Any CPU
		{EF29C72C-C4E1-478C-A152-CE03AC55D71A}.Release|Any CPU.Build.0 = Release|Any CPU
	EndGlobalSection
	GlobalSection(SolutionProperties) = preSolution
		HideSolutionNode = FALSE
	EndGlobalSection
	GlobalSection(ExtensibilityGlobals) = postSolution
		SolutionGuid = {A809A33A-BD31-444C-B266-C291C031D2B4}
	EndGlobalSection
EndGlobal
